Microsoft Visual Studio Solution File, Format Version 12.00
# Visual Studio Version 17
VisualStudioVersion = 17.5.2.0
MinimumVisualStudioVersion = 10.0.40219.1
Project("{2150E333-8FDC-42A3-9474-1A3956D46DE8}") = "Dotnet-Project", "Dotnet-Project", "{B359AC25-B742-CB9C-00EB-2562B4C1036C}"
EndProject
Project("{FAE04EC0-301F-11D3-BF4B-00C04F79EFBC}") = "myWebApp", "Dotnet-Project\myWebApp\myWebApp.csproj", "{E84C13C7-959F-B852-20F5-9819FBC25258}"
EndProject
Global
	GlobalSection(SolutionConfigurationPlatforms) = preSolution
		Debug|Any CPU = Debug|Any CPU
		Release|Any CPU = Release|Any CPU
	EndGlobalSection
	GlobalSection(ProjectConfigurationPlatforms) = postSolution
		{E84C13C7-959F-B852-20F5-9819FBC25258}.Debug|Any CPU.ActiveCfg = Debug|Any CPU
		{E84C13C7-959F-B852-20F5-9819FBC25258}.Debug|Any CPU.Build.0 = Debug|Any CPU
		{E84C13C7-959F-B852-20F5-9819FBC25258}.Release|Any CPU.ActiveCfg = Release|Any CPU
		{E84C13C7-959F-B852-20F5-9819FBC25258}.Release|Any CPU.Build.0 = Release|Any CPU
	EndGlobalSection
	GlobalSection(SolutionProperties) = preSolution
		HideSolutionNode = FALSE
	EndGlobalSection
	GlobalSection(NestedProjects) = preSolution
		{E84C13C7-959F-B852-20F5-9819FBC25258} = {B359AC25-B742-CB9C-00EB-2562B4C1036C}
	EndGlobalSection
	GlobalSection(ExtensibilityGlobals) = postSolution
		SolutionGuid = {2E68FB58-7098-4908-B2FC-2BDD09392CFA}
	EndGlobalSection
EndGlobal
